
Microsoft Visual Studio Solution File, Format Version 12.00
# Visual Studio Version 17
VisualStudioVersion = 17.10.34928.147
MinimumVisualStudioVersion = 10.0.40219.1
Project("{FAE04EC0-301F-11D3-BF4B-00C04F79EFBC}") = "CalculatorProject", "CalculatorProject\CalculatorProject.csproj", "{BDB7C1A4-6571-4F75-A817-61C0301EE89C}"
EndProject
Global
	GlobalSection(SolutionConfigurationPlatforms) = preSolution
		Debug|Any CPU = Debug|Any CPU
		Release|Any CPU = Release|Any CPU
	EndGlobalSection
	GlobalSection(ProjectConfigurationPlatforms) = postSolution
		{BDB7C1A4-6571-4F75-A817-61C0301EE89C}.Debug|Any CPU.ActiveCfg = Debug|Any CPU
		{BDB7C1A4-6571-4F75-A817-61C0301EE89C}.Debug|Any CPU.Build.0 = Debug|Any CPU
		{BDB7C1A4-6571-4F75-A817-61C0301EE89C}.Release|Any CPU.ActiveCfg = Release|Any CPU
		{BDB7C1A4-6571-4F75-A817-61C0301EE89C}.Release|Any CPU.Build.0 = Release|Any CPU
	EndGlobalSection
	GlobalSection(SolutionProperties) = preSolution
		HideSolutionNode = FALSE
	EndGlobalSection
	GlobalSection(ExtensibilityGlobals) = postSolution
		SolutionGuid = {65592A5C-0DD1-401B-BBE7-C6D12E3D4A3C}
	EndGlobalSection
EndGlobal
